// !$*UTF8*$!
{
	archiveVersion = 1;
	classes = {
	};
	objectVersion = 46;
	objects = {

/* Begin PBXBuildFile section */
		06C49AAC18AFA26200EC964D /* Foundation.framework in Frameworks */ = {isa = PBXBuildFile; fileRef = 06C49AAB18AFA26200EC964D /* Foundation.framework */; };
		06C49AAE18AFA26200EC964D /* CoreGraphics.framework in Frameworks */ = {isa = PBXBuildFile; fileRef = 06C49AAD18AFA26200EC964D /* CoreGraphics.framework */; };
		06C49AB018AFA26200EC964D /* UIKit.framework in Frameworks */ = {isa = PBXBuildFile; fileRef = 06C49AAF18AFA26200EC964D /* UIKit.framework */; };
		06C49AB618AFA26200EC964D /* InfoPlist.strings in Resources */ = {isa = PBXBuildFile; fileRef = 06C49AB418AFA26200EC964D /* InfoPlist.strings */; };
		06C49AB818AFA26200EC964D /* main.m in Sources */ = {isa = PBXBuildFile; fileRef = 06C49AB718AFA26200EC964D /* main.m */; };
		06C49ABC18AFA26200EC964D /* FooAppDelegate.m in Sources */ = {isa = PBXBuildFile; fileRef = 06C49ABB18AFA26200EC964D /* FooAppDelegate.m */; };
		06C49ABF18AFA26200EC964D /* Main_iPhone.storyboard in Resources */ = {isa = PBXBuildFile; fileRef = 06C49ABD18AFA26200EC964D /* Main_iPhone.storyboard */; };
		06C49AC218AFA26200EC964D /* Main_iPad.storyboard in Resources */ = {isa = PBXBuildFile; fileRef = 06C49AC018AFA26200EC964D /* Main_iPad.storyboard */; };
		06C49AC518AFA26200EC964D /* FooViewController.m in Sources */ = {isa = PBXBuildFile; fileRef = 06C49AC418AFA26200EC964D /* FooViewController.m */; };
		06C49AC718AFA26200EC964D /* Images.xcassets in Resources */ = {isa = PBXBuildFile; fileRef = 06C49AC618AFA26200EC964D /* Images.xcassets */; };
		06C49ACE18AFA26200EC964D /* XCTest.framework in Frameworks */ = {isa = PBXBuildFile; fileRef = 06C49ACD18AFA26200EC964D /* XCTest.framework */; };
		06C49ACF18AFA26200EC964D /* Foundation.framework in Frameworks */ = {isa = PBXBuildFile; fileRef = 06C49AAB18AFA26200EC964D /* Foundation.framework */; };
		06C49AD018AFA26200EC964D /* UIKit.framework in Frameworks */ = {isa = PBXBuildFile; fileRef = 06C49AAF18AFA26200EC964D /* UIKit.framework */; };
		06C49AD818AFA26200EC964D /* InfoPlist.strings in Resources */ = {isa = PBXBuildFile; fileRef = 06C49AD618AFA26200EC964D /* InfoPlist.strings */; };
		06C49ADA18AFA26200EC964D /* CoverageFooTests.m in Sources */ = {isa = PBXBuildFile; fileRef = 06C49AD918AFA26200EC964D /* CoverageFooTests.m */; };
		06C49AE718AFA50600EC964D /* FooObserver.m in Sources */ = {isa = PBXBuildFile; fileRef = 06C49AE618AFA50600EC964D /* FooObserver.m */; };
		06C49AEA18AFA84100EC964D /* FooCoverage.m in Sources */ = {isa = PBXBuildFile; fileRef = 06C49AE918AFA84100EC964D /* FooCoverage.m */; };
		06C49AEB18AFA84100EC964D /* FooCoverage.m in Sources */ = {isa = PBXBuildFile; fileRef = 06C49AE918AFA84100EC964D /* FooCoverage.m */; };
/* End PBXBuildFile section */

/* Begin PBXContainerItemProxy section */
		06C49AD118AFA26200EC964D /* PBXContainerItemProxy */ = {
			isa = PBXContainerItemProxy;
			containerPortal = 06C49AA018AFA26200EC964D /* Project object */;
			proxyType = 1;
			remoteGlobalIDString = 06C49AA718AFA26200EC964D;
			remoteInfo = CoverageFoo;
		};
/* End PBXContainerItemProxy section */

/* Begin PBXFileReference section */
		06C49AA818AFA26200EC964D /* CoverageFoo.app */ = {isa = PBXFileReference; explicitFileType = wrapper.application; includeInIndex = 0; path = CoverageFoo.app; sourceTree = BUILT_PRODUCTS_DIR; };
		06C49AAB18AFA26200EC964D /* Foundation.framework */ = {isa = PBXFileReference; lastKnownFileType = wrapper.framework; name = Foundation.framework; path = System/Library/Frameworks/Foundation.framework; sourceTree = SDKROOT; };
		06C49AAD18AFA26200EC964D /* CoreGraphics.framework */ = {isa = PBXFileReference; lastKnownFileType = wrapper.framework; name = CoreGraphics.framework; path = System/Library/Frameworks/CoreGraphics.framework; sourceTree = SDKROOT; };
		06C49AAF18AFA26200EC964D /* UIKit.framework */ = {isa = PBXFileReference; lastKnownFileType = wrapper.framework; name = UIKit.framework; path = System/Library/Frameworks/UIKit.framework; sourceTree = SDKROOT; };
		06C49AB318AFA26200EC964D /* CoverageFoo-Info.plist */ = {isa = PBXFileReference; lastKnownFileType = text.plist.xml; path = "CoverageFoo-Info.plist"; sourceTree = "<group>"; };
		06C49AB518AFA26200EC964D /* en */ = {isa = PBXFileReference; lastKnownFileType = text.plist.strings; name = en; path = en.lproj/InfoPlist.strings; sourceTree = "<group>"; };
		06C49AB718AFA26200EC964D /* main.m */ = {isa = PBXFileReference; lastKnownFileType = sourcecode.c.objc; path = main.m; sourceTree = "<group>"; };
		06C49AB918AFA26200EC964D /* CoverageFoo-Prefix.pch */ = {isa = PBXFileReference; lastKnownFileType = sourcecode.c.h; path = "CoverageFoo-Prefix.pch"; sourceTree = "<group>"; };
		06C49ABA18AFA26200EC964D /* FooAppDelegate.h */ = {isa = PBXFileReference; lastKnownFileType = sourcecode.c.h; path = FooAppDelegate.h; sourceTree = "<group>"; };
		06C49ABB18AFA26200EC964D /* FooAppDelegate.m */ = {isa = PBXFileReference; lastKnownFileType = sourcecode.c.objc; path = FooAppDelegate.m; sourceTree = "<group>"; };
		06C49ABE18AFA26200EC964D /* Base */ = {isa = PBXFileReference; lastKnownFileType = file.storyboard; name = Base; path = Base.lproj/Main_iPhone.storyboard; sourceTree = "<group>"; };
		06C49AC118AFA26200EC964D /* Base */ = {isa = PBXFileReference; lastKnownFileType = file.storyboard; name = Base; path = Base.lproj/Main_iPad.storyboard; sourceTree = "<group>"; };
		06C49AC318AFA26200EC964D /* FooViewController.h */ = {isa = PBXFileReference; lastKnownFileType = sourcecode.c.h; path = FooViewController.h; sourceTree = "<group>"; };
		06C49AC418AFA26200EC964D /* FooViewController.m */ = {isa = PBXFileReference; lastKnownFileType = sourcecode.c.objc; path = FooViewController.m; sourceTree = "<group>"; };
		06C49AC618AFA26200EC964D /* Images.xcassets */ = {isa = PBXFileReference; lastKnownFileType = folder.assetcatalog; path = Images.xcassets; sourceTree = "<group>"; };
		06C49ACC18AFA26200EC964D /* CoverageFooTests.xctest */ = {isa = PBXFileReference; explicitFileType = wrapper.cfbundle; includeInIndex = 0; path = CoverageFooTests.xctest; sourceTree = BUILT_PRODUCTS_DIR; };
		06C49ACD18AFA26200EC964D /* XCTest.framework */ = {isa = PBXFileReference; lastKnownFileType = wrapper.framework; name = XCTest.framework; path = Library/Frameworks/XCTest.framework; sourceTree = DEVELOPER_DIR; };
		06C49AD518AFA26200EC964D /* CoverageFooTests-Info.plist */ = {isa = PBXFileReference; lastKnownFileType = text.plist.xml; path = "CoverageFooTests-Info.plist"; sourceTree = "<group>"; };
		06C49AD718AFA26200EC964D /* en */ = {isa = PBXFileReference; lastKnownFileType = text.plist.strings; name = en; path = en.lproj/InfoPlist.strings; sourceTree = "<group>"; };
		06C49AD918AFA26200EC964D /* CoverageFooTests.m */ = {isa = PBXFileReference; lastKnownFileType = sourcecode.c.objc; path = CoverageFooTests.m; sourceTree = "<group>"; };
		06C49AE618AFA50600EC964D /* FooObserver.m */ = {isa = PBXFileReference; fileEncoding = 4; lastKnownFileType = sourcecode.c.objc; path = FooObserver.m; sourceTree = "<group>"; };
		06C49AE818AFA84100EC964D /* FooCoverage.h */ = {isa = PBXFileReference; fileEncoding = 4; lastKnownFileType = sourcecode.c.h; path = FooCoverage.h; sourceTree = "<group>"; };
		06C49AE918AFA84100EC964D /* FooCoverage.m */ = {isa = PBXFileReference; fileEncoding = 4; lastKnownFileType = sourcecode.c.objc; path = FooCoverage.m; sourceTree = "<group>"; };
/* End PBXFileReference section */

/* Begin PBXFrameworksBuildPhase section */
		06C49AA518AFA26200EC964D /* Frameworks */ = {
			isa = PBXFrameworksBuildPhase;
			buildActionMask = 2147483647;
			files = (
				06C49AAE18AFA26200EC964D /* CoreGraphics.framework in Frameworks */,
				06C49AB018AFA26200EC964D /* UIKit.framework in Frameworks */,
				06C49AAC18AFA26200EC964D /* Foundation.framework in Frameworks */,
			);
			runOnlyForDeploymentPostprocessing = 0;
		};
		06C49AC918AFA26200EC964D /* Frameworks */ = {
			isa = PBXFrameworksBuildPhase;
			buildActionMask = 2147483647;
			files = (
				06C49ACE18AFA26200EC964D /* XCTest.framework in Frameworks */,
				06C49AD018AFA26200EC964D /* UIKit.framework in Frameworks */,
				06C49ACF18AFA26200EC964D /* Foundation.framework in Frameworks */,
			);
			runOnlyForDeploymentPostprocessing = 0;
		};
/* End PBXFrameworksBuildPhase section */

/* Begin PBXGroup section */
		06C49A9F18AFA26200EC964D = {
			isa = PBXGroup;
			children = (
				06C49AB118AFA26200EC964D /* CoverageFoo */,
				06C49AD318AFA26200EC964D /* CoverageFooTests */,
				06C49AAA18AFA26200EC964D /* Frameworks */,
				06C49AA918AFA26200EC964D /* Products */,
			);
			sourceTree = "<group>";
		};
		06C49AA918AFA26200EC964D /* Products */ = {
			isa = PBXGroup;
			children = (
				06C49AA818AFA26200EC964D /* CoverageFoo.app */,
				06C49ACC18AFA26200EC964D /* CoverageFooTests.xctest */,
			);
			name = Products;
			sourceTree = "<group>";
		};
		06C49AAA18AFA26200EC964D /* Frameworks */ = {
			isa = PBXGroup;
			children = (
				06C49AAB18AFA26200EC964D /* Foundation.framework */,
				06C49AAD18AFA26200EC964D /* CoreGraphics.framework */,
				06C49AAF18AFA26200EC964D /* UIKit.framework */,
				06C49ACD18AFA26200EC964D /* XCTest.framework */,
			);
			name = Frameworks;
			sourceTree = "<group>";
		};
		06C49AB118AFA26200EC964D /* CoverageFoo */ = {
			isa = PBXGroup;
			children = (
				06C49ABA18AFA26200EC964D /* FooAppDelegate.h */,
				06C49ABB18AFA26200EC964D /* FooAppDelegate.m */,
				06C49ABD18AFA26200EC964D /* Main_iPhone.storyboard */,
				06C49AC018AFA26200EC964D /* Main_iPad.storyboard */,
				06C49AC318AFA26200EC964D /* FooViewController.h */,
				06C49AC418AFA26200EC964D /* FooViewController.m */,
				06C49AC618AFA26200EC964D /* Images.xcassets */,
				06C49AB218AFA26200EC964D /* Supporting Files */,
				06C49AE818AFA84100EC964D /* FooCoverage.h */,
				06C49AE918AFA84100EC964D /* FooCoverage.m */,
			);
			path = CoverageFoo;
			sourceTree = "<group>";
		};
		06C49AB218AFA26200EC964D /* Supporting Files */ = {
			isa = PBXGroup;
			children = (
				06C49AB318AFA26200EC964D /* CoverageFoo-Info.plist */,
				06C49AB418AFA26200EC964D /* InfoPlist.strings */,
				06C49AB718AFA26200EC964D /* main.m */,
				06C49AB918AFA26200EC964D /* CoverageFoo-Prefix.pch */,
			);
			name = "Supporting Files";
			sourceTree = "<group>";
		};
		06C49AD318AFA26200EC964D /* CoverageFooTests */ = {
			isa = PBXGroup;
			children = (
				06C49AD918AFA26200EC964D /* CoverageFooTests.m */,
				06C49AD418AFA26200EC964D /* Supporting Files */,
				06C49AE618AFA50600EC964D /* FooObserver.m */,
			);
			path = CoverageFooTests;
			sourceTree = "<group>";
		};
		06C49AD418AFA26200EC964D /* Supporting Files */ = {
			isa = PBXGroup;
			children = (
				06C49AD518AFA26200EC964D /* CoverageFooTests-Info.plist */,
				06C49AD618AFA26200EC964D /* InfoPlist.strings */,
			);
			name = "Supporting Files";
			sourceTree = "<group>";
		};
/* End PBXGroup section */

/* Begin PBXNativeTarget section */
		06C49AA718AFA26200EC964D /* CoverageFoo */ = {
			isa = PBXNativeTarget;
			buildConfigurationList = 06C49ADD18AFA26200EC964D /* Build configuration list for PBXNativeTarget "CoverageFoo" */;
			buildPhases = (
				06C49AA418AFA26200EC964D /* Sources */,
				06C49AA518AFA26200EC964D /* Frameworks */,
				06C49AA618AFA26200EC964D /* Resources */,
			);
			buildRules = (
			);
			dependencies = (
			);
			name = CoverageFoo;
			productName = CoverageFoo;
			productReference = 06C49AA818AFA26200EC964D /* CoverageFoo.app */;
			productType = "com.apple.product-type.application";
		};
		06C49ACB18AFA26200EC964D /* CoverageFooTests */ = {
			isa = PBXNativeTarget;
			buildConfigurationList = 06C49AE018AFA26200EC964D /* Build configuration list for PBXNativeTarget "CoverageFooTests" */;
			buildPhases = (
				06C49AC818AFA26200EC964D /* Sources */,
				06C49AC918AFA26200EC964D /* Frameworks */,
				06C49ACA18AFA26200EC964D /* Resources */,
			);
			buildRules = (
			);
			dependencies = (
				06C49AD218AFA26200EC964D /* PBXTargetDependency */,
			);
			name = CoverageFooTests;
			productName = CoverageFooTests;
			productReference = 06C49ACC18AFA26200EC964D /* CoverageFooTests.xctest */;
			productType = "com.apple.product-type.bundle.unit-test";
		};
/* End PBXNativeTarget section */

/* Begin PBXProject section */
		06C49AA018AFA26200EC964D /* Project object */ = {
			isa = PBXProject;
			attributes = {
				CLASSPREFIX = Foo;
				LastUpgradeCheck = 0500;
				ORGANIZATIONNAME = "Chen-Hai Teng";
				TargetAttributes = {
					06C49ACB18AFA26200EC964D = {
						TestTargetID = 06C49AA718AFA26200EC964D;
					};
				};
			};
			buildConfigurationList = 06C49AA318AFA26200EC964D /* Build configuration list for PBXProject "CoverageFoo" */;
			compatibilityVersion = "Xcode 3.2";
			developmentRegion = English;
			hasScannedForEncodings = 0;
			knownRegions = (
				en,
				Base,
			);
			mainGroup = 06C49A9F18AFA26200EC964D;
			productRefGroup = 06C49AA918AFA26200EC964D /* Products */;
			projectDirPath = "";
			projectRoot = "";
			targets = (
				06C49AA718AFA26200EC964D /* CoverageFoo */,
				06C49ACB18AFA26200EC964D /* CoverageFooTests */,
			);
		};
/* End PBXProject section */

/* Begin PBXResourcesBuildPhase section */
		06C49AA618AFA26200EC964D /* Resources */ = {
			isa = PBXResourcesBuildPhase;
			buildActionMask = 2147483647;
			files = (
				06C49AC218AFA26200EC964D /* Main_iPad.storyboard in Resources */,
				06C49AC718AFA26200EC964D /* Images.xcassets in Resources */,
				06C49ABF18AFA26200EC964D /* Main_iPhone.storyboard in Resources */,
				06C49AB618AFA26200EC964D /* InfoPlist.strings in Resources */,
			);
			runOnlyForDeploymentPostprocessing = 0;
		};
		06C49ACA18AFA26200EC964D /* Resources */ = {
			isa = PBXResourcesBuildPhase;
			buildActionMask = 2147483647;
			files = (
				06C49AD818AFA26200EC964D /* InfoPlist.strings in Resources */,
			);
			runOnlyForDeploymentPostprocessing = 0;
		};
/* End PBXResourcesBuildPhase section */

/* Begin PBXSourcesBuildPhase section */
		06C49AA418AFA26200EC964D /* Sources */ = {
			isa = PBXSourcesBuildPhase;
			buildActionMask = 2147483647;
			files = (
				06C49AEA18AFA84100EC964D /* FooCoverage.m in Sources */,
				06C49AC518AFA26200EC964D /* FooViewController.m in Sources */,
				06C49AB818AFA26200EC964D /* main.m in Sources */,
				06C49ABC18AFA26200EC964D /* FooAppDelegate.m in Sources */,
			);
			runOnlyForDeploymentPostprocessing = 0;
		};
		06C49AC818AFA26200EC964D /* Sources */ = {
			isa = PBXSourcesBuildPhase;
			buildActionMask = 2147483647;
			files = (
				06C49AEB18AFA84100EC964D /* FooCoverage.m in Sources */,
				06C49AE718AFA50600EC964D /* FooObserver.m in Sources */,
				06C49ADA18AFA26200EC964D /* CoverageFooTests.m in Sources */,
			);
			runOnlyForDeploymentPostprocessing = 0;
		};
/* End PBXSourcesBuildPhase section */

/* Begin PBXTargetDependency section */
		06C49AD218AFA26200EC964D /* PBXTargetDependency */ = {
			isa = PBXTargetDependency;
			target = 06C49AA718AFA26200EC964D /* CoverageFoo */;
			targetProxy = 06C49AD118AFA26200EC964D /* PBXContainerItemProxy */;
		};
/* End PBXTargetDependency section */

/* Begin PBXVariantGroup section */
		06C49AB418AFA26200EC964D /* InfoPlist.strings */ = {
			isa = PBXVariantGroup;
			children = (
				06C49AB518AFA26200EC964D /* en */,
			);
			name = InfoPlist.strings;
			sourceTree = "<group>";
		};
		06C49ABD18AFA26200EC964D /* Main_iPhone.storyboard */ = {
			isa = PBXVariantGroup;
			children = (
				06C49ABE18AFA26200EC964D /* Base */,
			);
			name = Main_iPhone.storyboard;
			sourceTree = "<group>";
		};
		06C49AC018AFA26200EC964D /* Main_iPad.storyboard */ = {
			isa = PBXVariantGroup;
			children = (
				06C49AC118AFA26200EC964D /* Base */,
			);
			name = Main_iPad.storyboard;
			sourceTree = "<group>";
		};
		06C49AD618AFA26200EC964D /* InfoPlist.strings */ = {
			isa = PBXVariantGroup;
			children = (
				06C49AD718AFA26200EC964D /* en */,
			);
			name = InfoPlist.strings;
			sourceTree = "<group>";
		};
/* End PBXVariantGroup section */

/* Begin XCBuildConfiguration section */
		06C49ADB18AFA26200EC964D /* Debug */ = {
			isa = XCBuildConfiguration;
			buildSettings = {
				ALWAYS_SEARCH_USER_PATHS = NO;
				ARCHS = "$(ARCHS_STANDARD_INCLUDING_64_BIT)";
				CLANG_CXX_LANGUAGE_STANDARD = "gnu++0x";
				CLANG_CXX_LIBRARY = "libc++";
				CLANG_ENABLE_MODULES = YES;
				CLANG_ENABLE_OBJC_ARC = YES;
				CLANG_WARN_BOOL_CONVERSION = YES;
				CLANG_WARN_CONSTANT_CONVERSION = YES;
				CLANG_WARN_DIRECT_OBJC_ISA_USAGE = YES_ERROR;
				CLANG_WARN_EMPTY_BODY = YES;
				CLANG_WARN_ENUM_CONVERSION = YES;
				CLANG_WARN_INT_CONVERSION = YES;
				CLANG_WARN_OBJC_ROOT_CLASS = YES_ERROR;
				CLANG_WARN__DUPLICATE_METHOD_MATCH = YES;
				"CODE_SIGN_IDENTITY[sdk=iphoneos*]" = "iPhone Developer";
				COPY_PHASE_STRIP = NO;
				GCC_C_LANGUAGE_STANDARD = gnu99;
				GCC_DYNAMIC_NO_PIC = NO;
				GCC_GENERATE_TEST_COVERAGE_FILES = NO;
				GCC_INSTRUMENT_PROGRAM_FLOW_ARCS = NO;
				GCC_OPTIMIZATION_LEVEL = 0;
				GCC_PREPROCESSOR_DEFINITIONS = (
					"DEBUG=1",
					"$(inherited)",
				);
				GCC_SYMBOLS_PRIVATE_EXTERN = NO;
				GCC_WARN_64_TO_32_BIT_CONVERSION = YES;
				GCC_WARN_ABOUT_RETURN_TYPE = YES_ERROR;
				GCC_WARN_UNDECLARED_SELECTOR = YES;
				GCC_WARN_UNINITIALIZED_AUTOS = YES;
				GCC_WARN_UNUSED_FUNCTION = YES;
				GCC_WARN_UNUSED_VARIABLE = YES;
				IPHONEOS_DEPLOYMENT_TARGET = 7.0;
				ONLY_ACTIVE_ARCH = YES;
				SDKROOT = iphoneos;
				TARGETED_DEVICE_FAMILY = "1,2";
			};
			name = Debug;
		};
		06C49ADC18AFA26200EC964D /* Release */ = {
			isa = XCBuildConfiguration;
			buildSettings = {
				ALWAYS_SEARCH_USER_PATHS = NO;
				ARCHS = "$(ARCHS_STANDARD_INCLUDING_64_BIT)";
				CLANG_CXX_LANGUAGE_STANDARD = "gnu++0x";
				CLANG_CXX_LIBRARY = "libc++";
				CLANG_ENABLE_MODULES = YES;
				CLANG_ENABLE_OBJC_ARC = YES;
				CLANG_WARN_BOOL_CONVERSION = YES;
				CLANG_WARN_CONSTANT_CONVERSION = YES;
				CLANG_WARN_DIRECT_OBJC_ISA_USAGE = YES_ERROR;
				CLANG_WARN_EMPTY_BODY = YES;
				CLANG_WARN_ENUM_CONVERSION = YES;
				CLANG_WARN_INT_CONVERSION = YES;
				CLANG_WARN_OBJC_ROOT_CLASS = YES_ERROR;
				CLANG_WARN__DUPLICATE_METHOD_MATCH = YES;
				"CODE_SIGN_IDENTITY[sdk=iphoneos*]" = "iPhone Developer";
				COPY_PHASE_STRIP = YES;
				ENABLE_NS_ASSERTIONS = NO;
				GCC_C_LANGUAGE_STANDARD = gnu99;
				GCC_GENERATE_TEST_COVERAGE_FILES = NO;
				GCC_INSTRUMENT_PROGRAM_FLOW_ARCS = NO;
				GCC_WARN_64_TO_32_BIT_CONVERSION = YES;
				GCC_WARN_ABOUT_RETURN_TYPE = YES_ERROR;
				GCC_WARN_UNDECLARED_SELECTOR = YES;
				GCC_WARN_UNINITIALIZED_AUTOS = YES;
				GCC_WARN_UNUSED_FUNCTION = YES;
				GCC_WARN_UNUSED_VARIABLE = YES;
				IPHONEOS_DEPLOYMENT_TARGET = 7.0;
				SDKROOT = iphoneos;
				TARGETED_DEVICE_FAMILY = "1,2";
				VALIDATE_PRODUCT = YES;
			};
			name = Release;
		};
		06C49ADE18AFA26200EC964D /* Debug */ = {
			isa = XCBuildConfiguration;
			buildSettings = {
				ASSETCATALOG_COMPILER_APPICON_NAME = AppIcon;
				ASSETCATALOG_COMPILER_LAUNCHIMAGE_NAME = LaunchImage;
				GCC_GENERATE_TEST_COVERAGE_FILES = NO;
				GCC_INSTRUMENT_PROGRAM_FLOW_ARCS = NO;
				GCC_PRECOMPILE_PREFIX_HEADER = YES;
				GCC_PREFIX_HEADER = "CoverageFoo/CoverageFoo-Prefix.pch";
				INFOPLIST_FILE = "CoverageFoo/CoverageFoo-Info.plist";
				PRODUCT_NAME = "$(TARGET_NAME)";
				WRAPPER_EXTENSION = app;
			};
			name = Debug;
		};
		06C49ADF18AFA26200EC964D /* Release */ = {
			isa = XCBuildConfiguration;
			buildSettings = {
				ASSETCATALOG_COMPILER_APPICON_NAME = AppIcon;
				ASSETCATALOG_COMPILER_LAUNCHIMAGE_NAME = LaunchImage;
				GCC_GENERATE_TEST_COVERAGE_FILES = NO;
				GCC_INSTRUMENT_PROGRAM_FLOW_ARCS = NO;
				GCC_PRECOMPILE_PREFIX_HEADER = YES;
				GCC_PREFIX_HEADER = "CoverageFoo/CoverageFoo-Prefix.pch";
				INFOPLIST_FILE = "CoverageFoo/CoverageFoo-Info.plist";
				PRODUCT_NAME = "$(TARGET_NAME)";
				WRAPPER_EXTENSION = app;
			};
			name = Release;
		};
		06C49AE118AFA26200EC964D /* Debug */ = {
			isa = XCBuildConfiguration;
			buildSettings = {
				ARCHS = "$(ARCHS_STANDARD_INCLUDING_64_BIT)";
				BUNDLE_LOADER = "$(BUILT_PRODUCTS_DIR)/CoverageFoo.app/CoverageFoo";
				FRAMEWORK_SEARCH_PATHS = (
					"$(SDKROOT)/Developer/Library/Frameworks",
					"$(inherited)",
					"$(DEVELOPER_FRAMEWORKS_DIR)",
				);
				GCC_GENERATE_TEST_COVERAGE_FILES = NO;
				GCC_INSTRUMENT_PROGRAM_FLOW_ARCS = NO;
				GCC_PRECOMPILE_PREFIX_HEADER = YES;
				GCC_PREFIX_HEADER = "CoverageFoo/CoverageFoo-Prefix.pch";
				GCC_PREPROCESSOR_DEFINITIONS = (
					"DEBUG=1",
					"$(inherited)",
				);
				INFOPLIST_FILE = "CoverageFooTests/CoverageFooTests-Info.plist";
				PRODUCT_NAME = "$(TARGET_NAME)";
				TEST_HOST = "$(BUNDLE_LOADER)";
				WRAPPER_EXTENSION = xctest;
			};
			name = Debug;
		};
		06C49AE218AFA26200EC964D /* Release */ = {
			isa = XCBuildConfiguration;
			buildSettings = {
				ARCHS = "$(ARCHS_STANDARD_INCLUDING_64_BIT)";
				BUNDLE_LOADER = "$(BUILT_PRODUCTS_DIR)/CoverageFoo.app/CoverageFoo";
				FRAMEWORK_SEARCH_PATHS = (
					"$(SDKROOT)/Developer/Library/Frameworks",
					"$(inherited)",
					"$(DEVELOPER_FRAMEWORKS_DIR)",
				);
				GCC_GENERATE_TEST_COVERAGE_FILES = NO;
				GCC_INSTRUMENT_PROGRAM_FLOW_ARCS = NO;
				GCC_PRECOMPILE_PREFIX_HEADER = YES;
				GCC_PREFIX_HEADER = "CoverageFoo/CoverageFoo-Prefix.pch";
				INFOPLIST_FILE = "CoverageFooTests/CoverageFooTests-Info.plist";
				PRODUCT_NAME = "$(TARGET_NAME)";
				TEST_HOST = "$(BUNDLE_LOADER)";
				WRAPPER_EXTENSION = xctest;
			};
			name = Release;
		};
		06C49AE318AFA2B100EC964D /* Coverage */ = {
			isa = XCBuildConfiguration;
			buildSettings = {
				ALWAYS_SEARCH_USER_PATHS = NO;
				ARCHS = "$(ARCHS_STANDARD_INCLUDING_64_BIT)";
				CLANG_CXX_LANGUAGE_STANDARD = "gnu++0x";
				CLANG_CXX_LIBRARY = "libc++";
				CLANG_ENABLE_MODULES = YES;
				CLANG_ENABLE_OBJC_ARC = YES;
				CLANG_WARN_BOOL_CONVERSION = YES;
				CLANG_WARN_CONSTANT_CONVERSION = YES;
				CLANG_WARN_DIRECT_OBJC_ISA_USAGE = YES_ERROR;
				CLANG_WARN_EMPTY_BODY = YES;
				CLANG_WARN_ENUM_CONVERSION = YES;
				CLANG_WARN_INT_CONVERSION = YES;
				CLANG_WARN_OBJC_ROOT_CLASS = YES_ERROR;
				CLANG_WARN__DUPLICATE_METHOD_MATCH = YES;
				"CODE_SIGN_IDENTITY[sdk=iphoneos*]" = "iPhone Developer";
				COPY_PHASE_STRIP = NO;
				GCC_C_LANGUAGE_STANDARD = gnu99;
				GCC_DYNAMIC_NO_PIC = NO;
				GCC_GENERATE_TEST_COVERAGE_FILES = YES;
				GCC_INSTRUMENT_PROGRAM_FLOW_ARCS = NO;
				GCC_OPTIMIZATION_LEVEL = 0;
				GCC_PREPROCESSOR_DEFINITIONS = (
					"DEBUG=1",
					"$(inherited)",
				);
				GCC_SYMBOLS_PRIVATE_EXTERN = NO;
				GCC_WARN_64_TO_32_BIT_CONVERSION = YES;
				GCC_WARN_ABOUT_RETURN_TYPE = YES_ERROR;
				GCC_WARN_UNDECLARED_SELECTOR = YES;
				GCC_WARN_UNINITIALIZED_AUTOS = YES;
				GCC_WARN_UNUSED_FUNCTION = YES;
				GCC_WARN_UNUSED_VARIABLE = YES;
				IPHONEOS_DEPLOYMENT_TARGET = 7.0;
				ONLY_ACTIVE_ARCH = YES;
				SDKROOT = iphoneos;
				TARGETED_DEVICE_FAMILY = "1,2";
			};
			name = Coverage;
		};
		06C49AE418AFA2B100EC964D /* Coverage */ = {
			isa = XCBuildConfiguration;
			buildSettings = {
				ASSETCATALOG_COMPILER_APPICON_NAME = AppIcon;
				ASSETCATALOG_COMPILER_LAUNCHIMAGE_NAME = LaunchImage;
				GCC_GENERATE_TEST_COVERAGE_FILES = YES;
				GCC_INSTRUMENT_PROGRAM_FLOW_ARCS = NO;
				GCC_PRECOMPILE_PREFIX_HEADER = YES;
				GCC_PREFIX_HEADER = "CoverageFoo/CoverageFoo-Prefix.pch";
				INFOPLIST_FILE = "CoverageFoo/CoverageFoo-Info.plist";
				PRODUCT_NAME = "$(TARGET_NAME)";
				WRAPPER_EXTENSION = app;
			};
			name = Coverage;
		};
		06C49AE518AFA2B100EC964D /* Coverage */ = {
			isa = XCBuildConfiguration;
			buildSettings = {
				ARCHS = "$(ARCHS_STANDARD_INCLUDING_64_BIT)";
				BUNDLE_LOADER = "$(BUILT_PRODUCTS_DIR)/CoverageFoo.app/CoverageFoo";
				FRAMEWORK_SEARCH_PATHS = (
					"$(SDKROOT)/Developer/Library/Frameworks",
					"$(inherited)",
					"$(DEVELOPER_FRAMEWORKS_DIR)",
				);
				GCC_GENERATE_TEST_COVERAGE_FILES = YES;
				GCC_INSTRUMENT_PROGRAM_FLOW_ARCS = YES;
				GCC_PRECOMPILE_PREFIX_HEADER = YES;
				GCC_PREFIX_HEADER = "CoverageFoo/CoverageFoo-Prefix.pch";
				GCC_PREPROCESSOR_DEFINITIONS = (
					"DEBUG=1",
					"$(inherited)",
				);
				INFOPLIST_FILE = "CoverageFooTests/CoverageFooTests-Info.plist";
				PRODUCT_NAME = "$(TARGET_NAME)";
				TEST_HOST = "$(BUNDLE_LOADER)";
				WRAPPER_EXTENSION = xctest;
			};
			name = Coverage;
		};
/* End XCBuildConfiguration section */

/* Begin XCConfigurationList section */
		06C49AA318AFA26200EC964D /* Build configuration list for PBXProject "CoverageFoo" */ = {
			isa = XCConfigurationList;
			buildConfigurations = (
				06C49ADB18AFA26200EC964D /* Debug */,
				06C49AE318AFA2B100EC964D /* Coverage */,
				06C49ADC18AFA26200EC964D /* Release */,
			);
			defaultConfigurationIsVisible = 0;
			defaultConfigurationName = Release;
		};
		06C49ADD18AFA26200EC964D /* Build configuration list for PBXNativeTarget "CoverageFoo" */ = {
			isa = XCConfigurationList;
			buildConfigurations = (
				06C49ADE18AFA26200EC964D /* Debug */,
				06C49AE418AFA2B100EC964D /* Coverage */,
				06C49ADF18AFA26200EC964D /* Release */,
			);
			defaultConfigurationIsVisible = 0;
			defaultConfigurationName = Release;
		};
		06C49AE018AFA26200EC964D /* Build configuration list for PBXNativeTarget "CoverageFooTests" */ = {
			isa = XCConfigurationList;
			buildConfigurations = (
				06C49AE118AFA26200EC964D /* Debug */,
				06C49AE518AFA2B100EC964D /* Coverage */,
				06C49AE218AFA26200EC964D /* Release */,
			);
			defaultConfigurationIsVisible = 0;
			defaultConfigurationName = Release;
		};
/* End XCConfigurationList section */
	};
	rootObject = 06C49AA018AFA26200EC964D /* Project object */;
}
